
Microsoft Visual Studio Solution File, Format Version 12.00
# Visual Studio Version 17
VisualStudioVersion = 17.14.36408.4
MinimumVisualStudioVersion = 10.0.40219.1
Project("{FAE04EC0-301F-11D3-BF4B-00C04F79EFBC}") = "FashionStore", "WpfApp1\FashionStore.csproj", "{68B63EDE-488D-4BA4-B229-EA85E5F69682}"
EndProject
Project("{FAE04EC0-301F-11D3-BF4B-00C04F79EFBC}") = "FashionStore.Tests", "FashionStore.Tests\FashionStore.Tests.csproj", "{FA47F04C-F368-4166-8648-3DAAC62DF85C}"
EndProject
Global
	GlobalSection(SolutionConfigurationPlatforms) = preSolution
		Debug|Any CPU = Debug|Any CPU
		Debug|x64 = Debug|x64
		Debug|x86 = Debug|x86
		Release|Any CPU = Release|Any CPU
		Release|x64 = Release|x64
		Release|x86 = Release|x86
	EndGlobalSection
	GlobalSection(ProjectConfigurationPlatforms) = postSolution
		{68B63EDE-488D-4BA4-B229-EA85E5F69682}.Debug|Any CPU.ActiveCfg = Debug|Any CPU
		{68B63EDE-488D-4BA4-B229-EA85E5F69682}.Debug|Any CPU.Build.0 = Debug|Any CPU
		{68B63EDE-488D-4BA4-B229-EA85E5F69682}.Debug|x64.ActiveCfg = Debug|Any CPU
		{68B63EDE-488D-4BA4-B229-EA85E5F69682}.Debug|x64.Build.0 = Debug|Any CPU
		{68B63EDE-488D-4BA4-B229-EA85E5F69682}.Debug|x86.ActiveCfg = Debug|Any CPU
		{68B63EDE-488D-4BA4-B229-EA85E5F69682}.Debug|x86.Build.0 = Debug|Any CPU
		{68B63EDE-488D-4BA4-B229-EA85E5F69682}.Release|Any CPU.ActiveCfg = Release|Any CPU
		{68B63EDE-488D-4BA4-B229-EA85E5F69682}.Release|Any CPU.Build.0 = Release|Any CPU
		{68B63EDE-488D-4BA4-B229-EA85E5F69682}.Release|x64.ActiveCfg = Release|Any CPU
		{68B63EDE-488D-4BA4-B229-EA85E5F69682}.Release|x64.Build.0 = Release|Any CPU
		{68B63EDE-488D-4BA4-B229-EA85E5F69682}.Release|x86.ActiveCfg = Release|Any CPU
		{68B63EDE-488D-4BA4-B229-EA85E5F69682}.Release|x86.Build.0 = Release|Any CPU
		{FA47F04C-F368-4166-8648-3DAAC62DF85C}.Debug|Any CPU.ActiveCfg = Debug|Any CPU
		{FA47F04C-F368-4166-8648-3DAAC62DF85C}.Debug|Any CPU.Build.0 = Debug|Any CPU
		{FA47F04C-F368-4166-8648-3DAAC62DF85C}.Debug|x64.ActiveCfg = Debug|Any CPU
		{FA47F04C-F368-4166-8648-3DAAC62DF85C}.Debug|x64.Build.0 = Debug|Any CPU
		{FA47F04C-F368-4166-8648-3DAAC62DF85C}.Debug|x86.ActiveCfg = Debug|Any CPU
		{FA47F04C-F368-4166-8648-3DAAC62DF85C}.Debug|x86.Build.0 = Debug|Any CPU
		{FA47F04C-F368-4166-8648-3DAAC62DF85C}.Release|Any CPU.ActiveCfg = Release|Any CPU
		{FA47F04C-F368-4166-8648-3DAAC62DF85C}.Release|Any CPU.Build.0 = Release|Any CPU
		{FA47F04C-F368-4166-8648-3DAAC62DF85C}.Release|x64.ActiveCfg = Release|Any CPU
		{FA47F04C-F368-4166-8648-3DAAC62DF85C}.Release|x64.Build.0 = Release|Any CPU
		{FA47F04C-F368-4166-8648-3DAAC62DF85C}.Release|x86.ActiveCfg = Release|Any CPU
		{FA47F04C-F368-4166-8648-3DAAC62DF85C}.Release|x86.Build.0 = Release|Any CPU
	EndGlobalSection
	GlobalSection(SolutionProperties) = preSolution
		HideSolutionNode = FALSE
	EndGlobalSection
	GlobalSection(ExtensibilityGlobals) = postSolution
		SolutionGuid = {5A566687-52E4-40E1-8D3A-7E25A7DB85B0}
	EndGlobalSection
EndGlobal
