
Microsoft Visual Studio Solution File, Format Version 12.00
# Visual Studio Version 17
VisualStudioVersion = 17.14.36408.4
MinimumVisualStudioVersion = 10.0.40219.1
Project("{2150E333-8FDC-42A3-9474-1A3956D46DE8}") = "src", "src", "{827E0CD3-B72D-47B6-A68D-7590B98EB39B}"
EndProject
Project("{FAE04EC0-301F-11D3-BF4B-00C04F79EFBC}") = "FashionStore.Core", "src\FashionStore.Core\FashionStore.Core.csproj", "{B30E3A4B-0C7C-4224-BAF3-5E17D3E05D50}"
EndProject
Project("{FAE04EC0-301F-11D3-BF4B-00C04F79EFBC}") = "FashionStore.Data", "src\FashionStore.Data\FashionStore.Data.csproj", "{E1BF5751-C286-4F3B-8D13-ADBBA6086B28}"
EndProject
Project("{FAE04EC0-301F-11D3-BF4B-00C04F79EFBC}") = "FashionStore.Services", "src\FashionStore.Services\FashionStore.Services.csproj", "{824BB284-F972-4753-B1D3-E16E6F86D989}"
EndProject
Project("{FAE04EC0-301F-11D3-BF4B-00C04F79EFBC}") = "FashionStore.App", "src\FashionStore.App\FashionStore.App.csproj", "{77D938A5-BF6D-4705-A206-A4FD650A6AEF}"
EndProject
Global
	GlobalSection(SolutionConfigurationPlatforms) = preSolution
		Debug|Any CPU = Debug|Any CPU
		Debug|x64 = Debug|x64
		Debug|x86 = Debug|x86
		Release|Any CPU = Release|Any CPU
		Release|x64 = Release|x64
		Release|x86 = Release|x86
	EndGlobalSection
	GlobalSection(ProjectConfigurationPlatforms) = postSolution
		{B30E3A4B-0C7C-4224-BAF3-5E17D3E05D50}.Debug|Any CPU.ActiveCfg = Debug|Any CPU
		{B30E3A4B-0C7C-4224-BAF3-5E17D3E05D50}.Debug|Any CPU.Build.0 = Debug|Any CPU
		{B30E3A4B-0C7C-4224-BAF3-5E17D3E05D50}.Debug|x64.ActiveCfg = Debug|Any CPU
		{B30E3A4B-0C7C-4224-BAF3-5E17D3E05D50}.Debug|x64.Build.0 = Debug|Any CPU
		{B30E3A4B-0C7C-4224-BAF3-5E17D3E05D50}.Debug|x86.ActiveCfg = Debug|Any CPU
		{B30E3A4B-0C7C-4224-BAF3-5E17D3E05D50}.Debug|x86.Build.0 = Debug|Any CPU
		{B30E3A4B-0C7C-4224-BAF3-5E17D3E05D50}.Release|Any CPU.ActiveCfg = Release|Any CPU
		{B30E3A4B-0C7C-4224-BAF3-5E17D3E05D50}.Release|Any CPU.Build.0 = Release|Any CPU
		{B30E3A4B-0C7C-4224-BAF3-5E17D3E05D50}.Release|x64.ActiveCfg = Release|Any CPU
		{B30E3A4B-0C7C-4224-BAF3-5E17D3E05D50}.Release|x64.Build.0 = Release|Any CPU
		{B30E3A4B-0C7C-4224-BAF3-5E17D3E05D50}.Release|x86.ActiveCfg = Release|Any CPU
		{B30E3A4B-0C7C-4224-BAF3-5E17D3E05D50}.Release|x86.Build.0 = Release|Any CPU
		{E1BF5751-C286-4F3B-8D13-ADBBA6086B28}.Debug|Any CPU.ActiveCfg = Debug|Any CPU
		{E1BF5751-C286-4F3B-8D13-ADBBA6086B28}.Debug|Any CPU.Build.0 = Debug|Any CPU
		{E1BF5751-C286-4F3B-8D13-ADBBA6086B28}.Debug|x64.ActiveCfg = Debug|Any CPU
		{E1BF5751-C286-4F3B-8D13-ADBBA6086B28}.Debug|x64.Build.0 = Debug|Any CPU
		{E1BF5751-C286-4F3B-8D13-ADBBA6086B28}.Debug|x86.ActiveCfg = Debug|Any CPU
		{E1BF5751-C286-4F3B-8D13-ADBBA6086B28}.Debug|x86.Build.0 = Debug|Any CPU
		{E1BF5751-C286-4F3B-8D13-ADBBA6086B28}.Release|Any CPU.ActiveCfg = Release|Any CPU
		{E1BF5751-C286-4F3B-8D13-ADBBA6086B28}.Release|Any CPU.Build.0 = Release|Any CPU
		{E1BF5751-C286-4F3B-8D13-ADBBA6086B28}.Release|x64.ActiveCfg = Release|Any CPU
		{E1BF5751-C286-4F3B-8D13-ADBBA6086B28}.Release|x64.Build.0 = Release|Any CPU
		{E1BF5751-C286-4F3B-8D13-ADBBA6086B28}.Release|x86.ActiveCfg = Release|Any CPU
		{E1BF5751-C286-4F3B-8D13-ADBBA6086B28}.Release|x86.Build.0 = Release|Any CPU
		{824BB284-F972-4753-B1D3-E16E6F86D989}.Debug|Any CPU.ActiveCfg = Debug|Any CPU
		{824BB284-F972-4753-B1D3-E16E6F86D989}.Debug|Any CPU.Build.0 = Debug|Any CPU
		{824BB284-F972-4753-B1D3-E16E6F86D989}.Debug|x64.ActiveCfg = Debug|Any CPU
		{824BB284-F972-4753-B1D3-E16E6F86D989}.Debug|x64.Build.0 = Debug|Any CPU
		{824BB284-F972-4753-B1D3-E16E6F86D989}.Debug|x86.ActiveCfg = Debug|Any CPU
		{824BB284-F972-4753-B1D3-E16E6F86D989}.Debug|x86.Build.0 = Debug|Any CPU
		{824BB284-F972-4753-B1D3-E16E6F86D989}.Release|Any CPU.ActiveCfg = Release|Any CPU
		{824BB284-F972-4753-B1D3-E16E6F86D989}.Release|Any CPU.Build.0 = Release|Any CPU
		{824BB284-F972-4753-B1D3-E16E6F86D989}.Release|x64.ActiveCfg = Release|Any CPU
		{824BB284-F972-4753-B1D3-E16E6F86D989}.Release|x64.Build.0 = Release|Any CPU
		{824BB284-F972-4753-B1D3-E16E6F86D989}.Release|x86.ActiveCfg = Release|Any CPU
		{824BB284-F972-4753-B1D3-E16E6F86D989}.Release|x86.Build.0 = Release|Any CPU
		{77D938A5-BF6D-4705-A206-A4FD650A6AEF}.Debug|Any CPU.ActiveCfg = Debug|Any CPU
		{77D938A5-BF6D-4705-A206-A4FD650A6AEF}.Debug|Any CPU.Build.0 = Debug|Any CPU
		{77D938A5-BF6D-4705-A206-A4FD650A6AEF}.Debug|x64.ActiveCfg = Debug|Any CPU
		{77D938A5-BF6D-4705-A206-A4FD650A6AEF}.Debug|x64.Build.0 = Debug|Any CPU
		{77D938A5-BF6D-4705-A206-A4FD650A6AEF}.Debug|x86.ActiveCfg = Debug|Any CPU
		{77D938A5-BF6D-4705-A206-A4FD650A6AEF}.Debug|x86.Build.0 = Debug|Any CPU
		{77D938A5-BF6D-4705-A206-A4FD650A6AEF}.Release|Any CPU.ActiveCfg = Release|Any CPU
		{77D938A5-BF6D-4705-A206-A4FD650A6AEF}.Release|Any CPU.Build.0 = Release|Any CPU
		{77D938A5-BF6D-4705-A206-A4FD650A6AEF}.Release|x64.ActiveCfg = Release|Any CPU
		{77D938A5-BF6D-4705-A206-A4FD650A6AEF}.Release|x64.Build.0 = Release|Any CPU
		{77D938A5-BF6D-4705-A206-A4FD650A6AEF}.Release|x86.ActiveCfg = Release|Any CPU
		{77D938A5-BF6D-4705-A206-A4FD650A6AEF}.Release|x86.Build.0 = Release|Any CPU
	EndGlobalSection
	GlobalSection(SolutionProperties) = preSolution
		HideSolutionNode = FALSE
	EndGlobalSection
	GlobalSection(NestedProjects) = preSolution
		{B30E3A4B-0C7C-4224-BAF3-5E17D3E05D50} = {827E0CD3-B72D-47B6-A68D-7590B98EB39B}
		{E1BF5751-C286-4F3B-8D13-ADBBA6086B28} = {827E0CD3-B72D-47B6-A68D-7590B98EB39B}
		{824BB284-F972-4753-B1D3-E16E6F86D989} = {827E0CD3-B72D-47B6-A68D-7590B98EB39B}
		{77D938A5-BF6D-4705-A206-A4FD650A6AEF} = {827E0CD3-B72D-47B6-A68D-7590B98EB39B}
	EndGlobalSection
	GlobalSection(ExtensibilityGlobals) = postSolution
		SolutionGuid = {5A566687-52E4-40E1-8D3A-7E25A7DB85B0}
	EndGlobalSection
EndGlobal
