Microsoft Visual Studio Solution File, Format Version 12.00
# Visual Studio Version 17
VisualStudioVersion = 17.14.36408.4
MinimumVisualStudioVersion = 10.0.40219.1
Project("{2150E333-8FDC-42A3-9474-1A3956D46DE8}") = "backend", "backend", "{11111111-2222-3333-4444-555555555555}"
EndProject
Project("{2150E333-8FDC-42A3-9474-1A3956D46DE8}") = "frontend", "frontend", "{66666666-7777-8888-9999-000000000000}"
EndProject
Project("{FAE04EC0-301F-11D3-BF4B-00C04F79EFBC}") = "ShopManager.Core", "src\backend\ShopManager.Core\ShopManager.Core.csproj", "{B30E3A4B-0C7C-4224-BAF3-5E17D3E05D50}"
EndProject
Project("{FAE04EC0-301F-11D3-BF4B-00C04F79EFBC}") = "ShopManager.Data", "src\backend\ShopManager.Data\ShopManager.Data.csproj", "{E1BF5751-C286-4F3B-8D13-ADBBA6086B28}"
EndProject
Project("{FAE04EC0-301F-11D3-BF4B-00C04F79EFBC}") = "ShopManager.Services", "src\backend\ShopManager.Services\ShopManager.Services.csproj", "{824BB284-F972-4753-B1D3-E16E6F86D989}"
EndProject
Project("{FAE04EC0-301F-11D3-BF4B-00C04F79EFBC}") = "ShopManager.Api", "src\backend\ShopManager.Api\ShopManager.Api.csproj", "{99999999-8888-7777-6666-555555555555}"
EndProject
Project("{FAE04EC0-301F-11D3-BF4B-00C04F79EFBC}") = "ShopManager.Tests", "src\backend\ShopManager.Tests\ShopManager.Tests.csproj", "{7E36B57F-8091-4889-975F-CF940E67CF05}"
EndProject
Project("{FAE04EC0-301F-11D3-BF4B-00C04F79EFBC}") = "ShopManager.Web", "src\frontend\ShopManager.Web\ShopManager.Web.csproj", "{1F926533-D49A-4F9A-BB9E-B528B57AC80E}"
EndProject
Project("{FAE04EC0-301F-11D3-BF4B-00C04F79EFBC}") = "ShopManager.App", "src\frontend\ShopManager.App\ShopManager.App.csproj", "{77D938A5-BF6D-4705-A206-A4FD650A6AEF}"
EndProject
Global
	GlobalSection(SolutionConfigurationPlatforms) = preSolution
		Debug|Any CPU = Debug|Any CPU
		Debug|x64 = Debug|x64
		Debug|x86 = Debug|x86
		Release|Any CPU = Release|Any CPU
		Release|x64 = Release|x64
		Release|x86 = Release|x86
	EndGlobalSection
	GlobalSection(ProjectConfigurationPlatforms) = postSolution
		{B30E3A4B-0C7C-4224-BAF3-5E17D3E05D50}.Debug|Any CPU.ActiveCfg = Debug|Any CPU
		{B30E3A4B-0C7C-4224-BAF3-5E17D3E05D50}.Debug|Any CPU.Build.0 = Debug|Any CPU
		{B30E3A4B-0C7C-4224-BAF3-5E17D3E05D50}.Release|Any CPU.ActiveCfg = Release|Any CPU
		{B30E3A4B-0C7C-4224-BAF3-5E17D3E05D50}.Release|Any CPU.Build.0 = Release|Any CPU
		{E1BF5751-C286-4F3B-8D13-ADBBA6086B28}.Debug|Any CPU.ActiveCfg = Debug|Any CPU
		{E1BF5751-C286-4F3B-8D13-ADBBA6086B28}.Debug|Any CPU.Build.0 = Debug|Any CPU
		{E1BF5751-C286-4F3B-8D13-ADBBA6086B28}.Release|Any CPU.ActiveCfg = Release|Any CPU
		{E1BF5751-C286-4F3B-8D13-ADBBA6086B28}.Release|Any CPU.Build.0 = Release|Any CPU
		{824BB284-F972-4753-B1D3-E16E6F86D989}.Debug|Any CPU.ActiveCfg = Debug|Any CPU
		{824BB284-F972-4753-B1D3-E16E6F86D989}.Debug|Any CPU.Build.0 = Debug|Any CPU
		{824BB284-F972-4753-B1D3-E16E6F86D989}.Release|Any CPU.ActiveCfg = Release|Any CPU
		{824BB284-F972-4753-B1D3-E16E6F86D989}.Release|Any CPU.Build.0 = Release|Any CPU
		{99999999-8888-7777-6666-555555555555}.Debug|Any CPU.ActiveCfg = Debug|Any CPU
		{99999999-8888-7777-6666-555555555555}.Debug|Any CPU.Build.0 = Debug|Any CPU
		{99999999-8888-7777-6666-555555555555}.Release|Any CPU.ActiveCfg = Release|Any CPU
		{99999999-8888-7777-6666-555555555555}.Release|Any CPU.Build.0 = Release|Any CPU
		{77D938A5-BF6D-4705-A206-A4FD650A6AEF}.Debug|Any CPU.ActiveCfg = Debug|Any CPU
		{77D938A5-BF6D-4705-A206-A4FD650A6AEF}.Debug|Any CPU.Build.0 = Debug|Any CPU
		{77D938A5-BF6D-4705-A206-A4FD650A6AEF}.Release|Any CPU.ActiveCfg = Release|Any CPU
		{77D938A5-BF6D-4705-A206-A4FD650A6AEF}.Release|Any CPU.Build.0 = Release|Any CPU
		{1F926533-D49A-4F9A-BB9E-B528B57AC80E}.Debug|Any CPU.ActiveCfg = Debug|Any CPU
		{1F926533-D49A-4F9A-BB9E-B528B57AC80E}.Debug|Any CPU.Build.0 = Debug|Any CPU
		{1F926533-D49A-4F9A-BB9E-B528B57AC80E}.Release|Any CPU.ActiveCfg = Release|Any CPU
		{1F926533-D49A-4F9A-BB9E-B528B57AC80E}.Release|Any CPU.Build.0 = Release|Any CPU
		{7E36B57F-8091-4889-975F-CF940E67CF05}.Debug|Any CPU.ActiveCfg = Debug|Any CPU
		{7E36B57F-8091-4889-975F-CF940E67CF05}.Debug|Any CPU.Build.0 = Debug|Any CPU
		{7E36B57F-8091-4889-975F-CF940E67CF05}.Release|Any CPU.ActiveCfg = Release|Any CPU
		{7E36B57F-8091-4889-975F-CF940E67CF05}.Release|Any CPU.Build.0 = Release|Any CPU
	EndGlobalSection
	GlobalSection(SolutionProperties) = preSolution
		HideSolutionNode = FALSE
	EndGlobalSection
	GlobalSection(NestedProjects) = preSolution
		{B30E3A4B-0C7C-4224-BAF3-5E17D3E05D50} = {11111111-2222-3333-4444-555555555555}
		{E1BF5751-C286-4F3B-8D13-ADBBA6086B28} = {11111111-2222-3333-4444-555555555555}
		{824BB284-F972-4753-B1D3-E16E6F86D989} = {11111111-2222-3333-4444-555555555555}
		{99999999-8888-7777-6666-555555555555} = {11111111-2222-3333-4444-555555555555}
		{7E36B57F-8091-4889-975F-CF940E67CF05} = {11111111-2222-3333-4444-555555555555}
		{1F926533-D49A-4F9A-BB9E-B528B57AC80E} = {66666666-7777-8888-9999-000000000000}
		{77D938A5-BF6D-4705-A206-A4FD650A6AEF} = {66666666-7777-8888-9999-000000000000}
	EndGlobalSection
	GlobalSection(ExtensibilityGlobals) = postSolution
		SolutionGuid = {5A566687-52E4-40E1-8D3A-7E25A7DB85B0}
	EndGlobalSection
EndGlobal
